github.com/gorilla/mux v1.6.2 h1:Pgr17XVTNXAk3q/r4CpKzC5xBM/qW1uVLV+IhRZpIIk=
github.com/gorilla/mux v1.6.2/go.mod h1:1lud6UwP+6orDFRuTfBEV8e9/aOM/c4fVVCaMa2zaAs=
github.com/krantius/logging v0.0.0-20190101230648-0db3904227bb h1:UYhJttH/QyuGiNWTs87X+l9kQ3tQ5Xghg08IrPuuSZQ=
github.com/krantius/logging v0.0.0-20190101230648-0db3904227bb/go.mod h1:rUnZ4VUu6ToWlHJYvdfSkHJ0ITP7/cc/aKi6gkXO8/o=
github.com/krantius/logging v0.0.0-20190118192842-1d10341d5446 h1:xAto5d+nA9ITjut3NWwByVRlRQiLQmIaaCzEc8I3bzc=
github.com/krantius/logging v0.0.0-20190118192842-1d10341d5446/go.mod h1:rUnZ4VUu6ToWlHJYvdfSkHJ0ITP7/cc/aKi6gkXO8/o=
github.com/krantius/raft v0.0.0-20190114043701-6e53eea3fc70 h1:PY6IqgN25VRUnHqfwLJTFRkyO1dz1dCa4FpwIp6w2K4=
github.com/krantius/raft v0.0.0-20190114043701-6e53eea3fc70/go.mod h1://pTKjs9n/dgeoZZuBy417sQ+B0tRXxkuFG6sOLtATM=
