github.com/gorilla/mux v1.6.2 h1:Pgr17XVTNXAk3q/r4CpKzC5xBM/qW1uVLV+IhRZpIIk=
github.com/gorilla/mux v1.6.2/go.mod h1:1lud6UwP+6orDFRuTfBEV8e9/aOM/c4fVVCaMa2zaAs=
github.com/krantius/logging v0.0.0-20181231045026-b98f16fff6bc h1:bhCHPTS6g8TD4Ic6s8gmq/N65UY8A6HQwITeoYbjGXo=
github.com/krantius/logging v0.0.0-20181231045026-b98f16fff6bc/go.mod h1:rUnZ4VUu6ToWlHJYvdfSkHJ0ITP7/cc/aKi6gkXO8/o=
github.com/krantius/raft v0.0.0-20181231093106-b3254acdb151 h1:bA42EcgKN47uYcktRoQ7zarXLgCuOvS52QXpGtBY/YM=
github.com/krantius/raft v0.0.0-20181231093106-b3254acdb151/go.mod h1:+YiPfUacZMz/2JDGdpeM6WlZEYxvnt3a8Y0TvpoW4sQ=
